
Microsoft Visual Studio Solution File, Format Version 12.00
# Visual Studio Version 16
VisualStudioVersion = 16.0.30523.141
MinimumVisualStudioVersion = 10.0.40219.1
Project("{FAE04EC0-301F-11D3-BF4B-00C04F79EFBC}") = "CLDVT2", "CLDVT2\CLDVT2.csproj", "{4FEEEA43-0F2A-4C06-B16E-F5249C4D845C}"
EndProject
Global
	GlobalSection(SolutionConfigurationPlatforms) = preSolution
		Debug|Any CPU = Debug|Any CPU
		Release|Any CPU = Release|Any CPU
	EndGlobalSection
	GlobalSection(ProjectConfigurationPlatforms) = postSolution
		{4FEEEA43-0F2A-4C06-B16E-F5249C4D845C}.Debug|Any CPU.ActiveCfg = Debug|Any CPU
		{4FEEEA43-0F2A-4C06-B16E-F5249C4D845C}.Debug|Any CPU.Build.0 = Debug|Any CPU
		{4FEEEA43-0F2A-4C06-B16E-F5249C4D845C}.Release|Any CPU.ActiveCfg = Release|Any CPU
		{4FEEEA43-0F2A-4C06-B16E-F5249C4D845C}.Release|Any CPU.Build.0 = Release|Any CPU
	EndGlobalSection
	GlobalSection(SolutionProperties) = preSolution
		HideSolutionNode = FALSE
	EndGlobalSection
	GlobalSection(ExtensibilityGlobals) = postSolution
		SolutionGuid = {C5801ED1-6A45-464F-8E25-7BDFA2A22540}
	EndGlobalSection
EndGlobal
